
Microsoft Visual Studio Solution File, Format Version 12.00
# Visual Studio Version 17
VisualStudioVersion = 17.7.34202.233
MinimumVisualStudioVersion = 10.0.40219.1
Project("{FAE04EC0-301F-11D3-BF4B-00C04F79EFBC}") = "текстовый редактор", "текстовый редактор\текстовый редактор.csproj", "{93D4619C-9F85-4152-92DB-D55AF11BEB2C}"
EndProject
Global
	GlobalSection(SolutionConfigurationPlatforms) = preSolution
		Debug|Any CPU = Debug|Any CPU
		Release|Any CPU = Release|Any CPU
	EndGlobalSection
	GlobalSection(ProjectConfigurationPlatforms) = postSolution
		{93D4619C-9F85-4152-92DB-D55AF11BEB2C}.Debug|Any CPU.ActiveCfg = Debug|Any CPU
		{93D4619C-9F85-4152-92DB-D55AF11BEB2C}.Debug|Any CPU.Build.0 = Debug|Any CPU
		{93D4619C-9F85-4152-92DB-D55AF11BEB2C}.Release|Any CPU.ActiveCfg = Release|Any CPU
		{93D4619C-9F85-4152-92DB-D55AF11BEB2C}.Release|Any CPU.Build.0 = Release|Any CPU
	EndGlobalSection
	GlobalSection(SolutionProperties) = preSolution
		HideSolutionNode = FALSE
	EndGlobalSection
	GlobalSection(ExtensibilityGlobals) = postSolution
		SolutionGuid = {0D240EE5-8F4B-4A5D-9003-5CFB1F5C4B2A}
	EndGlobalSection
EndGlobal
